// !$*UTF8*$!
{
	archiveVersion = 1;
	classes = {
	};
	objectVersion = 55;
	objects = {

/* Begin PBXBuildFile section */
		1FF36CE227A417C20032882D /* AppDelegate.swift in Sources */ = {isa = PBXBuildFile; fileRef = 1FF36CE127A417C20032882D /* AppDelegate.swift */; };
		1FF36CE427A417C20032882D /* SceneDelegate.swift in Sources */ = {isa = PBXBuildFile; fileRef = 1FF36CE327A417C20032882D /* SceneDelegate.swift */; };
		1FF36CE627A417C20032882D /* CookpadCollectionsTableViewController.swift in Sources */ = {isa = PBXBuildFile; fileRef = 1FF36CE527A417C20032882D /* CookpadCollectionsTableViewController.swift */; };
		1FF36CE927A417C20032882D /* Main.storyboard in Resources */ = {isa = PBXBuildFile; fileRef = 1FF36CE727A417C20032882D /* Main.storyboard */; };
		1FF36CEC27A417C20032882D /* CookpadTask.xcdatamodeld in Sources */ = {isa = PBXBuildFile; fileRef = 1FF36CEA27A417C20032882D /* CookpadTask.xcdatamodeld */; };
		1FF36CEE27A417C30032882D /* Assets.xcassets in Resources */ = {isa = PBXBuildFile; fileRef = 1FF36CED27A417C30032882D /* Assets.xcassets */; };
		1FF36CF127A417C30032882D /* LaunchScreen.storyboard in Resources */ = {isa = PBXBuildFile; fileRef = 1FF36CEF27A417C30032882D /* LaunchScreen.storyboard */; };
		1FF36CFC27A417C40032882D /* CookpadTaskTests.swift in Sources */ = {isa = PBXBuildFile; fileRef = 1FF36CFB27A417C40032882D /* CookpadTaskTests.swift */; };
		1FF36D0627A417C40032882D /* CookpadTaskUITests.swift in Sources */ = {isa = PBXBuildFile; fileRef = 1FF36D0527A417C40032882D /* CookpadTaskUITests.swift */; };
		1FF36D0827A417C40032882D /* CookpadTaskUITestsLaunchTests.swift in Sources */ = {isa = PBXBuildFile; fileRef = 1FF36D0727A417C40032882D /* CookpadTaskUITestsLaunchTests.swift */; };
		1FF36D1627A439970032882D /* ApplicationDataModel.swift in Sources */ = {isa = PBXBuildFile; fileRef = 1FF36D1527A439970032882D /* ApplicationDataModel.swift */; };
		1FF36D1A27A43B3F0032882D /* CookpadCoreDataModel.swift in Sources */ = {isa = PBXBuildFile; fileRef = 1FF36D1927A43B3F0032882D /* CookpadCoreDataModel.swift */; };
		1FF36D1C27A442740032882D /* CookpadCoreDataInitialisationState.swift in Sources */ = {isa = PBXBuildFile; fileRef = 1FF36D1B27A442740032882D /* CookpadCoreDataInitialisationState.swift */; };
		1FF36D1E27A558BE0032882D /* RecipeCollection.swift in Sources */ = {isa = PBXBuildFile; fileRef = 1FF36D1D27A558BE0032882D /* RecipeCollection.swift */; };
		1FF36D2527A55F220032882D /* ManagedRecipeCollection.swift in Sources */ = {isa = PBXBuildFile; fileRef = 1FF36D2427A55F220032882D /* ManagedRecipeCollection.swift */; };
		1FF36D2727A565BE0032882D /* Recipe.swift in Sources */ = {isa = PBXBuildFile; fileRef = 1FF36D2627A565BE0032882D /* Recipe.swift */; };
		1FF36D2927A5667C0032882D /* User.swift in Sources */ = {isa = PBXBuildFile; fileRef = 1FF36D2827A5667C0032882D /* User.swift */; };
		1FF36D2B27A566DC0032882D /* Step.swift in Sources */ = {isa = PBXBuildFile; fileRef = 1FF36D2A27A566DC0032882D /* Step.swift */; };
		1FF36D2D27A56A460032882D /* ManagedRecipe.swift in Sources */ = {isa = PBXBuildFile; fileRef = 1FF36D2C27A56A460032882D /* ManagedRecipe.swift */; };
		1FF36D2F27A56A720032882D /* ManagedUser.swift in Sources */ = {isa = PBXBuildFile; fileRef = 1FF36D2E27A56A720032882D /* ManagedUser.swift */; };
		1FF36D3127A56AAA0032882D /* ManagedStep.swift in Sources */ = {isa = PBXBuildFile; fileRef = 1FF36D3027A56AAA0032882D /* ManagedStep.swift */; };
		1FF36D3327A571EE0032882D /* Decoder+ManagedObjectContext.swift in Sources */ = {isa = PBXBuildFile; fileRef = 1FF36D3227A571EE0032882D /* Decoder+ManagedObjectContext.swift */; };
		1FF36D3627A578320032882D /* CollectionsAPIService.swift in Sources */ = {isa = PBXBuildFile; fileRef = 1FF36D3527A578320032882D /* CollectionsAPIService.swift */; };
		1FF36D3827A5833B0032882D /* BaseAPIService.swift in Sources */ = {isa = PBXBuildFile; fileRef = 1FF36D3727A5833B0032882D /* BaseAPIService.swift */; };
		1FF36D3B27A591960032882D /* ErrorReporter.swift in Sources */ = {isa = PBXBuildFile; fileRef = 1FF36D3A27A591960032882D /* ErrorReporter.swift */; };
		1FF36D4527A6BD830032882D /* AppCoordinator.swift in Sources */ = {isa = PBXBuildFile; fileRef = 1FF36D4427A6BD830032882D /* AppCoordinator.swift */; };
		1FF36D4827A6BE720032882D /* CookpadCollectionsStoryboardNavigationCoordinator.swift in Sources */ = {isa = PBXBuildFile; fileRef = 1FF36D4727A6BE720032882D /* CookpadCollectionsStoryboardNavigationCoordinator.swift */; };
		1FF36D4E27A6D89F0032882D /* CookpadCollectionsTableViewModel.swift in Sources */ = {isa = PBXBuildFile; fileRef = 1FF36D4D27A6D89F0032882D /* CookpadCollectionsTableViewModel.swift */; };
		1FF36D5227A6F4E80032882D /* Observable.swift in Sources */ = {isa = PBXBuildFile; fileRef = 1FF36D5127A6F4E80032882D /* Observable.swift */; };
		1FF36D5427A7244A0032882D /* CookpadCollectionsTableViewCell.swift in Sources */ = {isa = PBXBuildFile; fileRef = 1FF36D5327A7244A0032882D /* CookpadCollectionsTableViewCell.swift */; };
		1FF36D5627A729060032882D /* CookpadCollectionsTableItemViewModel.swift in Sources */ = {isa = PBXBuildFile; fileRef = 1FF36D5527A729060032882D /* CookpadCollectionsTableItemViewModel.swift */; };
		1FF36D5A27A7DB4C0032882D /* CookpadImageDownloadService.swift in Sources */ = {isa = PBXBuildFile; fileRef = 1FF36D5927A7DB4C0032882D /* CookpadImageDownloadService.swift */; };
		1FF36D5C27A7E1EB0032882D /* ImageDownloadService.swift in Sources */ = {isa = PBXBuildFile; fileRef = 1FF36D5B27A7E1EB0032882D /* ImageDownloadService.swift */; };
		1FF36D6527A81DE60032882D /* CookpadRecipesTableViewController.swift in Sources */ = {isa = PBXBuildFile; fileRef = 1FF36D6427A81DE60032882D /* CookpadRecipesTableViewController.swift */; };
		1FF36D6727A825150032882D /* CookpadRecipesTableViewCell.swift in Sources */ = {isa = PBXBuildFile; fileRef = 1FF36D6627A825150032882D /* CookpadRecipesTableViewCell.swift */; };
		1FF36D6927A826F30032882D /* CookpadRecipesTableViewModel.swift in Sources */ = {isa = PBXBuildFile; fileRef = 1FF36D6827A826F30032882D /* CookpadRecipesTableViewModel.swift */; };
		1FF36D6B27A82AD00032882D /* CookpadRecipesTableItemViewModel.swift in Sources */ = {isa = PBXBuildFile; fileRef = 1FF36D6A27A82AD00032882D /* CookpadRecipesTableItemViewModel.swift */; };
		1FF36D6D27A861690032882D /* ErrorCode.swift in Sources */ = {isa = PBXBuildFile; fileRef = 1FF36D6C27A861680032882D /* ErrorCode.swift */; };
		1FF36D6F27A864610032882D /* UIViewController+GenericAlert.swift in Sources */ = {isa = PBXBuildFile; fileRef = 1FF36D6E27A864610032882D /* UIViewController+GenericAlert.swift */; };
/* End PBXBuildFile section */

/* Begin PBXContainerItemProxy section */
		1FF36CF827A417C40032882D /* PBXContainerItemProxy */ = {
			isa = PBXContainerItemProxy;
			containerPortal = 1FF36CD627A417C20032882D /* Project object */;
			proxyType = 1;
			remoteGlobalIDString = 1FF36CDD27A417C20032882D;
			remoteInfo = CookpadTask;
		};
		1FF36D0227A417C40032882D /* PBXContainerItemProxy */ = {
			isa = PBXContainerItemProxy;
			containerPortal = 1FF36CD627A417C20032882D /* Project object */;
			proxyType = 1;
			remoteGlobalIDString = 1FF36CDD27A417C20032882D;
			remoteInfo = CookpadTask;
		};
/* End PBXContainerItemProxy section */

/* Begin PBXFileReference section */
		1FF36CDE27A417C20032882D /* CookpadTask.app */ = {isa = PBXFileReference; explicitFileType = wrapper.application; includeInIndex = 0; path = CookpadTask.app; sourceTree = BUILT_PRODUCTS_DIR; };
		1FF36CE127A417C20032882D /* AppDelegate.swift */ = {isa = PBXFileReference; lastKnownFileType = sourcecode.swift; path = AppDelegate.swift; sourceTree = "<group>"; };
		1FF36CE327A417C20032882D /* SceneDelegate.swift */ = {isa = PBXFileReference; lastKnownFileType = sourcecode.swift; path = SceneDelegate.swift; sourceTree = "<group>"; };
		1FF36CE527A417C20032882D /* CookpadCollectionsTableViewController.swift */ = {isa = PBXFileReference; lastKnownFileType = sourcecode.swift; path = CookpadCollectionsTableViewController.swift; sourceTree = "<group>"; };
		1FF36CE827A417C20032882D /* Base */ = {isa = PBXFileReference; lastKnownFileType = file.storyboard; name = Base; path = Base.lproj/Main.storyboard; sourceTree = "<group>"; };
		1FF36CEB27A417C20032882D /* CookpadTask.xcdatamodel */ = {isa = PBXFileReference; lastKnownFileType = wrapper.xcdatamodel; path = CookpadTask.xcdatamodel; sourceTree = "<group>"; };
		1FF36CED27A417C30032882D /* Assets.xcassets */ = {isa = PBXFileReference; lastKnownFileType = folder.assetcatalog; path = Assets.xcassets; sourceTree = "<group>"; };
		1FF36CF027A417C30032882D /* Base */ = {isa = PBXFileReference; lastKnownFileType = file.storyboard; name = Base; path = Base.lproj/LaunchScreen.storyboard; sourceTree = "<group>"; };
		1FF36CF227A417C30032882D /* Info.plist */ = {isa = PBXFileReference; lastKnownFileType = text.plist.xml; path = Info.plist; sourceTree = "<group>"; };
		1FF36CF727A417C40032882D /* CookpadTaskTests.xctest */ = {isa = PBXFileReference; explicitFileType = wrapper.cfbundle; includeInIndex = 0; path = CookpadTaskTests.xctest; sourceTree = BUILT_PRODUCTS_DIR; };
		1FF36CFB27A417C40032882D /* CookpadTaskTests.swift */ = {isa = PBXFileReference; lastKnownFileType = sourcecode.swift; path = CookpadTaskTests.swift; sourceTree = "<group>"; };
		1FF36D0127A417C40032882D /* CookpadTaskUITests.xctest */ = {isa = PBXFileReference; explicitFileType = wrapper.cfbundle; includeInIndex = 0; path = CookpadTaskUITests.xctest; sourceTree = BUILT_PRODUCTS_DIR; };
		1FF36D0527A417C40032882D /* CookpadTaskUITests.swift */ = {isa = PBXFileReference; lastKnownFileType = sourcecode.swift; path = CookpadTaskUITests.swift; sourceTree = "<group>"; };
		1FF36D0727A417C40032882D /* CookpadTaskUITestsLaunchTests.swift */ = {isa = PBXFileReference; lastKnownFileType = sourcecode.swift; path = CookpadTaskUITestsLaunchTests.swift; sourceTree = "<group>"; };
		1FF36D1527A439970032882D /* ApplicationDataModel.swift */ = {isa = PBXFileReference; lastKnownFileType = sourcecode.swift; path = ApplicationDataModel.swift; sourceTree = "<group>"; };
		1FF36D1927A43B3F0032882D /* CookpadCoreDataModel.swift */ = {isa = PBXFileReference; lastKnownFileType = sourcecode.swift; path = CookpadCoreDataModel.swift; sourceTree = "<group>"; };
		1FF36D1B27A442740032882D /* CookpadCoreDataInitialisationState.swift */ = {isa = PBXFileReference; lastKnownFileType = sourcecode.swift; path = CookpadCoreDataInitialisationState.swift; sourceTree = "<group>"; };
		1FF36D1D27A558BE0032882D /* RecipeCollection.swift */ = {isa = PBXFileReference; lastKnownFileType = sourcecode.swift; path = RecipeCollection.swift; sourceTree = "<group>"; };
		1FF36D2427A55F220032882D /* ManagedRecipeCollection.swift */ = {isa = PBXFileReference; lastKnownFileType = sourcecode.swift; path = ManagedRecipeCollection.swift; sourceTree = "<group>"; };
		1FF36D2627A565BE0032882D /* Recipe.swift */ = {isa = PBXFileReference; lastKnownFileType = sourcecode.swift; path = Recipe.swift; sourceTree = "<group>"; };
		1FF36D2827A5667C0032882D /* User.swift */ = {isa = PBXFileReference; lastKnownFileType = sourcecode.swift; path = User.swift; sourceTree = "<group>"; };
		1FF36D2A27A566DC0032882D /* Step.swift */ = {isa = PBXFileReference; lastKnownFileType = sourcecode.swift; path = Step.swift; sourceTree = "<group>"; };
		1FF36D2C27A56A460032882D /* ManagedRecipe.swift */ = {isa = PBXFileReference; lastKnownFileType = sourcecode.swift; path = ManagedRecipe.swift; sourceTree = "<group>"; };
		1FF36D2E27A56A720032882D /* ManagedUser.swift */ = {isa = PBXFileReference; lastKnownFileType = sourcecode.swift; path = ManagedUser.swift; sourceTree = "<group>"; };
		1FF36D3027A56AAA0032882D /* ManagedStep.swift */ = {isa = PBXFileReference; lastKnownFileType = sourcecode.swift; path = ManagedStep.swift; sourceTree = "<group>"; };
		1FF36D3227A571EE0032882D /* Decoder+ManagedObjectContext.swift */ = {isa = PBXFileReference; lastKnownFileType = sourcecode.swift; path = "Decoder+ManagedObjectContext.swift"; sourceTree = "<group>"; };
		1FF36D3527A578320032882D /* CollectionsAPIService.swift */ = {isa = PBXFileReference; lastKnownFileType = sourcecode.swift; path = CollectionsAPIService.swift; sourceTree = "<group>"; };
		1FF36D3727A5833B0032882D /* BaseAPIService.swift */ = {isa = PBXFileReference; lastKnownFileType = sourcecode.swift; path = BaseAPIService.swift; sourceTree = "<group>"; };
		1FF36D3A27A591960032882D /* ErrorReporter.swift */ = {isa = PBXFileReference; lastKnownFileType = sourcecode.swift; path = ErrorReporter.swift; sourceTree = "<group>"; };
		1FF36D4427A6BD830032882D /* AppCoordinator.swift */ = {isa = PBXFileReference; lastKnownFileType = sourcecode.swift; path = AppCoordinator.swift; sourceTree = "<group>"; };
		1FF36D4727A6BE720032882D /* CookpadCollectionsStoryboardNavigationCoordinator.swift */ = {isa = PBXFileReference; lastKnownFileType = sourcecode.swift; path = CookpadCollectionsStoryboardNavigationCoordinator.swift; sourceTree = "<group>"; };
		1FF36D4D27A6D89F0032882D /* CookpadCollectionsTableViewModel.swift */ = {isa = PBXFileReference; lastKnownFileType = sourcecode.swift; path = CookpadCollectionsTableViewModel.swift; sourceTree = "<group>"; };
		1FF36D5127A6F4E80032882D /* Observable.swift */ = {isa = PBXFileReference; lastKnownFileType = sourcecode.swift; path = Observable.swift; sourceTree = "<group>"; };
		1FF36D5327A7244A0032882D /* CookpadCollectionsTableViewCell.swift */ = {isa = PBXFileReference; lastKnownFileType = sourcecode.swift; path = CookpadCollectionsTableViewCell.swift; sourceTree = "<group>"; };
		1FF36D5527A729060032882D /* CookpadCollectionsTableItemViewModel.swift */ = {isa = PBXFileReference; lastKnownFileType = sourcecode.swift; path = CookpadCollectionsTableItemViewModel.swift; sourceTree = "<group>"; };
		1FF36D5927A7DB4C0032882D /* CookpadImageDownloadService.swift */ = {isa = PBXFileReference; lastKnownFileType = sourcecode.swift; path = CookpadImageDownloadService.swift; sourceTree = "<group>"; };
		1FF36D5B27A7E1EB0032882D /* ImageDownloadService.swift */ = {isa = PBXFileReference; lastKnownFileType = sourcecode.swift; path = ImageDownloadService.swift; sourceTree = "<group>"; };
		1FF36D6427A81DE60032882D /* CookpadRecipesTableViewController.swift */ = {isa = PBXFileReference; lastKnownFileType = sourcecode.swift; path = CookpadRecipesTableViewController.swift; sourceTree = "<group>"; };
		1FF36D6627A825150032882D /* CookpadRecipesTableViewCell.swift */ = {isa = PBXFileReference; lastKnownFileType = sourcecode.swift; path = CookpadRecipesTableViewCell.swift; sourceTree = "<group>"; };
		1FF36D6827A826F30032882D /* CookpadRecipesTableViewModel.swift */ = {isa = PBXFileReference; lastKnownFileType = sourcecode.swift; path = CookpadRecipesTableViewModel.swift; sourceTree = "<group>"; };
		1FF36D6A27A82AD00032882D /* CookpadRecipesTableItemViewModel.swift */ = {isa = PBXFileReference; lastKnownFileType = sourcecode.swift; path = CookpadRecipesTableItemViewModel.swift; sourceTree = "<group>"; };
		1FF36D6C27A861680032882D /* ErrorCode.swift */ = {isa = PBXFileReference; lastKnownFileType = sourcecode.swift; path = ErrorCode.swift; sourceTree = "<group>"; };
		1FF36D6E27A864610032882D /* UIViewController+GenericAlert.swift */ = {isa = PBXFileReference; lastKnownFileType = sourcecode.swift; path = "UIViewController+GenericAlert.swift"; sourceTree = "<group>"; };
/* End PBXFileReference section */

/* Begin PBXFrameworksBuildPhase section */
		1FF36CDB27A417C20032882D /* Frameworks */ = {
			isa = PBXFrameworksBuildPhase;
			buildActionMask = 2147483647;
			files = (
			);
			runOnlyForDeploymentPostprocessing = 0;
		};
		1FF36CF427A417C40032882D /* Frameworks */ = {
			isa = PBXFrameworksBuildPhase;
			buildActionMask = 2147483647;
			files = (
			);
			runOnlyForDeploymentPostprocessing = 0;
		};
		1FF36CFE27A417C40032882D /* Frameworks */ = {
			isa = PBXFrameworksBuildPhase;
			buildActionMask = 2147483647;
			files = (
			);
			runOnlyForDeploymentPostprocessing = 0;
		};
/* End PBXFrameworksBuildPhase section */

/* Begin PBXGroup section */
		1FF36CD527A417C20032882D = {
			isa = PBXGroup;
			children = (
				1FF36CE027A417C20032882D /* CookpadTask */,
				1FF36CFA27A417C40032882D /* CookpadTaskTests */,
				1FF36D0427A417C40032882D /* CookpadTaskUITests */,
				1FF36CDF27A417C20032882D /* Products */,
			);
			sourceTree = "<group>";
		};
		1FF36CDF27A417C20032882D /* Products */ = {
			isa = PBXGroup;
			children = (
				1FF36CDE27A417C20032882D /* CookpadTask.app */,
				1FF36CF727A417C40032882D /* CookpadTaskTests.xctest */,
				1FF36D0127A417C40032882D /* CookpadTaskUITests.xctest */,
			);
			name = Products;
			sourceTree = "<group>";
		};
		1FF36CE027A417C20032882D /* CookpadTask */ = {
			isa = PBXGroup;
			children = (
				1FF36D4927A6D82D0032882D /* Scenes */,
				1FF36D4227A6BD5E0032882D /* Coordinators */,
				1FF36D2027A559C90032882D /* Entities */,
				1FF36D3C27A5919F0032882D /* Miscellaneous */,
				1FF36D3427A577910032882D /* APIIntegration */,
				1FF36D1427A438BB0032882D /* ApplicationModel */,
				1FF36CE127A417C20032882D /* AppDelegate.swift */,
				1FF36CE327A417C20032882D /* SceneDelegate.swift */,
				1FF36CED27A417C30032882D /* Assets.xcassets */,
				1FF36CEF27A417C30032882D /* LaunchScreen.storyboard */,
				1FF36CF227A417C30032882D /* Info.plist */,
			);
			path = CookpadTask;
			sourceTree = "<group>";
		};
		1FF36CFA27A417C40032882D /* CookpadTaskTests */ = {
			isa = PBXGroup;
			children = (
				1FF36CFB27A417C40032882D /* CookpadTaskTests.swift */,
			);
			path = CookpadTaskTests;
			sourceTree = "<group>";
		};
		1FF36D0427A417C40032882D /* CookpadTaskUITests */ = {
			isa = PBXGroup;
			children = (
				1FF36D0527A417C40032882D /* CookpadTaskUITests.swift */,
				1FF36D0727A417C40032882D /* CookpadTaskUITestsLaunchTests.swift */,
			);
			path = CookpadTaskUITests;
			sourceTree = "<group>";
		};
		1FF36D1427A438BB0032882D /* ApplicationModel */ = {
			isa = PBXGroup;
			children = (
				1FF36D3E27A6A3510032882D /* Contracts */,
				1FF36D3F27A6A3A00032882D /* Specialisations */,
			);
			path = ApplicationModel;
			sourceTree = "<group>";
		};
		1FF36D1827A43B180032882D /* Specialisations */ = {
			isa = PBXGroup;
			children = (
				1FF36D2127A559EA0032882D /* DecodableCoreDataManagedObjects */,
			);
			path = Specialisations;
			sourceTree = "<group>";
		};
		1FF36D2027A559C90032882D /* Entities */ = {
			isa = PBXGroup;
			children = (
				1FF36D3D27A6A31A0032882D /* Contracts */,
				1FF36D1827A43B180032882D /* Specialisations */,
			);
			path = Entities;
			sourceTree = "<group>";
		};
		1FF36D2127A559EA0032882D /* DecodableCoreDataManagedObjects */ = {
			isa = PBXGroup;
			children = (
				1FF36D2427A55F220032882D /* ManagedRecipeCollection.swift */,
				1FF36D2C27A56A460032882D /* ManagedRecipe.swift */,
				1FF36D2E27A56A720032882D /* ManagedUser.swift */,
				1FF36D3027A56AAA0032882D /* ManagedStep.swift */,
			);
			path = DecodableCoreDataManagedObjects;
			sourceTree = "<group>";
		};
		1FF36D3427A577910032882D /* APIIntegration */ = {
			isa = PBXGroup;
			children = (
				1FF36D3927A589E60032882D /* Services */,
			);
			path = APIIntegration;
			sourceTree = "<group>";
		};
		1FF36D3927A589E60032882D /* Services */ = {
			isa = PBXGroup;
			children = (
				1FF36D5827A7DB0C0032882D /* Images */,
				1FF36D5727A7DB000032882D /* API */,
			);
			path = Services;
			sourceTree = "<group>";
		};
		1FF36D3C27A5919F0032882D /* Miscellaneous */ = {
			isa = PBXGroup;
			children = (
				1FF36D3227A571EE0032882D /* Decoder+ManagedObjectContext.swift */,
				1FF36D3A27A591960032882D /* ErrorReporter.swift */,
				1FF36D5127A6F4E80032882D /* Observable.swift */,
				1FF36D6C27A861680032882D /* ErrorCode.swift */,
				1FF36D6E27A864610032882D /* UIViewController+GenericAlert.swift */,
			);
			path = Miscellaneous;
			sourceTree = "<group>";
		};
		1FF36D3D27A6A31A0032882D /* Contracts */ = {
			isa = PBXGroup;
			children = (
				1FF36D1D27A558BE0032882D /* RecipeCollection.swift */,
				1FF36D2627A565BE0032882D /* Recipe.swift */,
				1FF36D2827A5667C0032882D /* User.swift */,
				1FF36D2A27A566DC0032882D /* Step.swift */,
			);
			path = Contracts;
			sourceTree = "<group>";
		};
		1FF36D3E27A6A3510032882D /* Contracts */ = {
			isa = PBXGroup;
			children = (
				1FF36D1527A439970032882D /* ApplicationDataModel.swift */,
			);
			path = Contracts;
			sourceTree = "<group>";
		};
		1FF36D3F27A6A3A00032882D /* Specialisations */ = {
			isa = PBXGroup;
			children = (
				1FF36CEA27A417C20032882D /* CookpadTask.xcdatamodeld */,
				1FF36D1927A43B3F0032882D /* CookpadCoreDataModel.swift */,
				1FF36D1B27A442740032882D /* CookpadCoreDataInitialisationState.swift */,
			);
			path = Specialisations;
			sourceTree = "<group>";
		};
		1FF36D4227A6BD5E0032882D /* Coordinators */ = {
			isa = PBXGroup;
			children = (
				1FF36D4327A6BD6F0032882D /* Contracts */,
				1FF36D4627A6BE280032882D /* Specialisations */,
			);
			path = Coordinators;
			sourceTree = "<group>";
		};
		1FF36D4327A6BD6F0032882D /* Contracts */ = {
			isa = PBXGroup;
			children = (
				1FF36D4427A6BD830032882D /* AppCoordinator.swift */,
			);
			path = Contracts;
			sourceTree = "<group>";
		};
		1FF36D4627A6BE280032882D /* Specialisations */ = {
			isa = PBXGroup;
			children = (
				1FF36D4727A6BE720032882D /* CookpadCollectionsStoryboardNavigationCoordinator.swift */,
			);
			path = Specialisations;
			sourceTree = "<group>";
		};
		1FF36D4927A6D82D0032882D /* Scenes */ = {
			isa = PBXGroup;
			children = (
				1FF36CE727A417C20032882D /* Main.storyboard */,
				1FF36D6127A81DA70032882D /* RecipesTableScene */,
				1FF36D4A27A6D8350032882D /* CollectionsTableScene */,
			);
			path = Scenes;
			sourceTree = "<group>";
		};
		1FF36D4A27A6D8350032882D /* CollectionsTableScene */ = {
			isa = PBXGroup;
			children = (
				1FF36D4B27A6D8610032882D /* Views */,
				1FF36D4C27A6D8730032882D /* ViewModels */,
			);
			path = CollectionsTableScene;
			sourceTree = "<group>";
		};
		1FF36D4B27A6D8610032882D /* Views */ = {
			isa = PBXGroup;
			children = (
				1FF36CE527A417C20032882D /* CookpadCollectionsTableViewController.swift */,
				1FF36D5327A7244A0032882D /* CookpadCollectionsTableViewCell.swift */,
			);
			path = Views;
			sourceTree = "<group>";
		};
		1FF36D4C27A6D8730032882D /* ViewModels */ = {
			isa = PBXGroup;
			children = (
				1FF36D4D27A6D89F0032882D /* CookpadCollectionsTableViewModel.swift */,
				1FF36D5527A729060032882D /* CookpadCollectionsTableItemViewModel.swift */,
			);
			path = ViewModels;
			sourceTree = "<group>";
		};
		1FF36D5727A7DB000032882D /* API */ = {
			isa = PBXGroup;
			children = (
				1FF36D3727A5833B0032882D /* BaseAPIService.swift */,
				1FF36D3527A578320032882D /* CollectionsAPIService.swift */,
			);
			path = API;
			sourceTree = "<group>";
		};
		1FF36D5827A7DB0C0032882D /* Images */ = {
			isa = PBXGroup;
			children = (
				1FF36D5B27A7E1EB0032882D /* ImageDownloadService.swift */,
				1FF36D5927A7DB4C0032882D /* CookpadImageDownloadService.swift */,
			);
			path = Images;
			sourceTree = "<group>";
		};
		1FF36D6127A81DA70032882D /* RecipesTableScene */ = {
			isa = PBXGroup;
			children = (
				1FF36D6227A81DB30032882D /* Views */,
				1FF36D6327A81DBA0032882D /* ViewModels */,
			);
			path = RecipesTableScene;
			sourceTree = "<group>";
		};
		1FF36D6227A81DB30032882D /* Views */ = {
			isa = PBXGroup;
			children = (
				1FF36D6427A81DE60032882D /* CookpadRecipesTableViewController.swift */,
				1FF36D6627A825150032882D /* CookpadRecipesTableViewCell.swift */,
			);
			path = Views;
			sourceTree = "<group>";
		};
		1FF36D6327A81DBA0032882D /* ViewModels */ = {
			isa = PBXGroup;
			children = (
				1FF36D6827A826F30032882D /* CookpadRecipesTableViewModel.swift */,
				1FF36D6A27A82AD00032882D /* CookpadRecipesTableItemViewModel.swift */,
			);
			path = ViewModels;
			sourceTree = "<group>";
		};
/* End PBXGroup section */

/* Begin PBXNativeTarget section */
		1FF36CDD27A417C20032882D /* CookpadTask */ = {
			isa = PBXNativeTarget;
			buildConfigurationList = 1FF36D0B27A417C40032882D /* Build configuration list for PBXNativeTarget "CookpadTask" */;
			buildPhases = (
				1FF36CDA27A417C20032882D /* Sources */,
				1FF36CDB27A417C20032882D /* Frameworks */,
				1FF36CDC27A417C20032882D /* Resources */,
			);
			buildRules = (
			);
			dependencies = (
			);
			name = CookpadTask;
			productName = CookpadTask;
			productReference = 1FF36CDE27A417C20032882D /* CookpadTask.app */;
			productType = "com.apple.product-type.application";
		};
		1FF36CF627A417C40032882D /* CookpadTaskTests */ = {
			isa = PBXNativeTarget;
			buildConfigurationList = 1FF36D0E27A417C40032882D /* Build configuration list for PBXNativeTarget "CookpadTaskTests" */;
			buildPhases = (
				1FF36CF327A417C40032882D /* Sources */,
				1FF36CF427A417C40032882D /* Frameworks */,
				1FF36CF527A417C40032882D /* Resources */,
			);
			buildRules = (
			);
			dependencies = (
				1FF36CF927A417C40032882D /* PBXTargetDependency */,
			);
			name = CookpadTaskTests;
			productName = CookpadTaskTests;
			productReference = 1FF36CF727A417C40032882D /* CookpadTaskTests.xctest */;
			productType = "com.apple.product-type.bundle.unit-test";
		};
		1FF36D0027A417C40032882D /* CookpadTaskUITests */ = {
			isa = PBXNativeTarget;
			buildConfigurationList = 1FF36D1127A417C40032882D /* Build configuration list for PBXNativeTarget "CookpadTaskUITests" */;
			buildPhases = (
				1FF36CFD27A417C40032882D /* Sources */,
				1FF36CFE27A417C40032882D /* Frameworks */,
				1FF36CFF27A417C40032882D /* Resources */,
			);
			buildRules = (
			);
			dependencies = (
				1FF36D0327A417C40032882D /* PBXTargetDependency */,
			);
			name = CookpadTaskUITests;
			productName = CookpadTaskUITests;
			productReference = 1FF36D0127A417C40032882D /* CookpadTaskUITests.xctest */;
			productType = "com.apple.product-type.bundle.ui-testing";
		};
/* End PBXNativeTarget section */

/* Begin PBXProject section */
		1FF36CD627A417C20032882D /* Project object */ = {
			isa = PBXProject;
			attributes = {
				BuildIndependentTargetsInParallel = 1;
				LastSwiftUpdateCheck = 1320;
				LastUpgradeCheck = 1320;
				TargetAttributes = {
					1FF36CDD27A417C20032882D = {
						CreatedOnToolsVersion = 13.2.1;
					};
					1FF36CF627A417C40032882D = {
						CreatedOnToolsVersion = 13.2.1;
						TestTargetID = 1FF36CDD27A417C20032882D;
					};
					1FF36D0027A417C40032882D = {
						CreatedOnToolsVersion = 13.2.1;
						TestTargetID = 1FF36CDD27A417C20032882D;
					};
				};
			};
			buildConfigurationList = 1FF36CD927A417C20032882D /* Build configuration list for PBXProject "CookpadTask" */;
			compatibilityVersion = "Xcode 13.0";
			developmentRegion = en;
			hasScannedForEncodings = 0;
			knownRegions = (
				en,
				Base,
			);
			mainGroup = 1FF36CD527A417C20032882D;
			productRefGroup = 1FF36CDF27A417C20032882D /* Products */;
			projectDirPath = "";
			projectRoot = "";
			targets = (
				1FF36CDD27A417C20032882D /* CookpadTask */,
				1FF36CF627A417C40032882D /* CookpadTaskTests */,
				1FF36D0027A417C40032882D /* CookpadTaskUITests */,
			);
		};
/* End PBXProject section */

/* Begin PBXResourcesBuildPhase section */
		1FF36CDC27A417C20032882D /* Resources */ = {
			isa = PBXResourcesBuildPhase;
			buildActionMask = 2147483647;
			files = (
				1FF36CF127A417C30032882D /* LaunchScreen.storyboard in Resources */,
				1FF36CEE27A417C30032882D /* Assets.xcassets in Resources */,
				1FF36CE927A417C20032882D /* Main.storyboard in Resources */,
			);
			runOnlyForDeploymentPostprocessing = 0;
		};
		1FF36CF527A417C40032882D /* Resources */ = {
			isa = PBXResourcesBuildPhase;
			buildActionMask = 2147483647;
			files = (
			);
			runOnlyForDeploymentPostprocessing = 0;
		};
		1FF36CFF27A417C40032882D /* Resources */ = {
			isa = PBXResourcesBuildPhase;
			buildActionMask = 2147483647;
			files = (
			);
			runOnlyForDeploymentPostprocessing = 0;
		};
/* End PBXResourcesBuildPhase section */

/* Begin PBXSourcesBuildPhase section */
		1FF36CDA27A417C20032882D /* Sources */ = {
			isa = PBXSourcesBuildPhase;
			buildActionMask = 2147483647;
			files = (
				1FF36CEC27A417C20032882D /* CookpadTask.xcdatamodeld in Sources */,
				1FF36D5627A729060032882D /* CookpadCollectionsTableItemViewModel.swift in Sources */,
				1FF36D2527A55F220032882D /* ManagedRecipeCollection.swift in Sources */,
				1FF36D6D27A861690032882D /* ErrorCode.swift in Sources */,
				1FF36D6B27A82AD00032882D /* CookpadRecipesTableItemViewModel.swift in Sources */,
				1FF36D5A27A7DB4C0032882D /* CookpadImageDownloadService.swift in Sources */,
				1FF36CE627A417C20032882D /* CookpadCollectionsTableViewController.swift in Sources */,
				1FF36D6727A825150032882D /* CookpadRecipesTableViewCell.swift in Sources */,
				1FF36D1C27A442740032882D /* CookpadCoreDataInitialisationState.swift in Sources */,
				1FF36D3127A56AAA0032882D /* ManagedStep.swift in Sources */,
				1FF36D1A27A43B3F0032882D /* CookpadCoreDataModel.swift in Sources */,
				1FF36D3B27A591960032882D /* ErrorReporter.swift in Sources */,
				1FF36D2B27A566DC0032882D /* Step.swift in Sources */,
				1FF36D6927A826F30032882D /* CookpadRecipesTableViewModel.swift in Sources */,
				1FF36D2F27A56A720032882D /* ManagedUser.swift in Sources */,
				1FF36CE227A417C20032882D /* AppDelegate.swift in Sources */,
				1FF36D2D27A56A460032882D /* ManagedRecipe.swift in Sources */,
				1FF36D5C27A7E1EB0032882D /* ImageDownloadService.swift in Sources */,
				1FF36D5427A7244A0032882D /* CookpadCollectionsTableViewCell.swift in Sources */,
				1FF36D4E27A6D89F0032882D /* CookpadCollectionsTableViewModel.swift in Sources */,
				1FF36D6F27A864610032882D /* UIViewController+GenericAlert.swift in Sources */,
				1FF36D1E27A558BE0032882D /* RecipeCollection.swift in Sources */,
				1FF36D4527A6BD830032882D /* AppCoordinator.swift in Sources */,
				1FF36D3827A5833B0032882D /* BaseAPIService.swift in Sources */,
				1FF36CE427A417C20032882D /* SceneDelegate.swift in Sources */,
				1FF36D1627A439970032882D /* ApplicationDataModel.swift in Sources */,
				1FF36D3627A578320032882D /* CollectionsAPIService.swift in Sources */,
				1FF36D2727A565BE0032882D /* Recipe.swift in Sources */,
				1FF36D3327A571EE0032882D /* Decoder+ManagedObjectContext.swift in Sources */,
				1FF36D2927A5667C0032882D /* User.swift in Sources */,
				1FF36D6527A81DE60032882D /* CookpadRecipesTableViewController.swift in Sources */,
				1FF36D4827A6BE720032882D /* CookpadCollectionsStoryboardNavigationCoordinator.swift in Sources */,
				1FF36D5227A6F4E80032882D /* Observable.swift in Sources */,
			);
			runOnlyForDeploymentPostprocessing = 0;
		};
		1FF36CF327A417C40032882D /* Sources */ = {
			isa = PBXSourcesBuildPhase;
			buildActionMask = 2147483647;
			files = (
				1FF36CFC27A417C40032882D /* CookpadTaskTests.swift in Sources */,
			);
			runOnlyForDeploymentPostprocessing = 0;
		};
		1FF36CFD27A417C40032882D /* Sources */ = {
			isa = PBXSourcesBuildPhase;
			buildActionMask = 2147483647;
			files = (
				1FF36D0627A417C40032882D /* CookpadTaskUITests.swift in Sources */,
				1FF36D0827A417C40032882D /* CookpadTaskUITestsLaunchTests.swift in Sources */,
			);
			runOnlyForDeploymentPostprocessing = 0;
		};
/* End PBXSourcesBuildPhase section */

/* Begin PBXTargetDependency section */
		1FF36CF927A417C40032882D /* PBXTargetDependency */ = {
			isa = PBXTargetDependency;
			target = 1FF36CDD27A417C20032882D /* CookpadTask */;
			targetProxy = 1FF36CF827A417C40032882D /* PBXContainerItemProxy */;
		};
		1FF36D0327A417C40032882D /* PBXTargetDependency */ = {
			isa = PBXTargetDependency;
			target = 1FF36CDD27A417C20032882D /* CookpadTask */;
			targetProxy = 1FF36D0227A417C40032882D /* PBXContainerItemProxy */;
		};
/* End PBXTargetDependency section */

/* Begin PBXVariantGroup section */
		1FF36CE727A417C20032882D /* Main.storyboard */ = {
			isa = PBXVariantGroup;
			children = (
				1FF36CE827A417C20032882D /* Base */,
			);
			name = Main.storyboard;
			sourceTree = "<group>";
		};
		1FF36CEF27A417C30032882D /* LaunchScreen.storyboard */ = {
			isa = PBXVariantGroup;
			children = (
				1FF36CF027A417C30032882D /* Base */,
			);
			name = LaunchScreen.storyboard;
			sourceTree = "<group>";
		};
/* End PBXVariantGroup section */

/* Begin XCBuildConfiguration section */
		1FF36D0927A417C40032882D /* Debug */ = {
			isa = XCBuildConfiguration;
			buildSettings = {
				ALWAYS_SEARCH_USER_PATHS = NO;
				CLANG_ANALYZER_NONNULL = YES;
				CLANG_ANALYZER_NUMBER_OBJECT_CONVERSION = YES_AGGRESSIVE;
				CLANG_CXX_LANGUAGE_STANDARD = "gnu++17";
				CLANG_CXX_LIBRARY = "libc++";
				CLANG_ENABLE_MODULES = YES;
				CLANG_ENABLE_OBJC_ARC = YES;
				CLANG_ENABLE_OBJC_WEAK = YES;
				CLANG_WARN_BLOCK_CAPTURE_AUTORELEASING = YES;
				CLANG_WARN_BOOL_CONVERSION = YES;
				CLANG_WARN_COMMA = YES;
				CLANG_WARN_CONSTANT_CONVERSION = YES;
				CLANG_WARN_DEPRECATED_OBJC_IMPLEMENTATIONS = YES;
				CLANG_WARN_DIRECT_OBJC_ISA_USAGE = YES_ERROR;
				CLANG_WARN_DOCUMENTATION_COMMENTS = YES;
				CLANG_WARN_EMPTY_BODY = YES;
				CLANG_WARN_ENUM_CONVERSION = YES;
				CLANG_WARN_INFINITE_RECURSION = YES;
				CLANG_WARN_INT_CONVERSION = YES;
				CLANG_WARN_NON_LITERAL_NULL_CONVERSION = YES;
				CLANG_WARN_OBJC_IMPLICIT_RETAIN_SELF = YES;
				CLANG_WARN_OBJC_LITERAL_CONVERSION = YES;
				CLANG_WARN_OBJC_ROOT_CLASS = YES_ERROR;
				CLANG_WARN_QUOTED_INCLUDE_IN_FRAMEWORK_HEADER = YES;
				CLANG_WARN_RANGE_LOOP_ANALYSIS = YES;
				CLANG_WARN_STRICT_PROTOTYPES = YES;
				CLANG_WARN_SUSPICIOUS_MOVE = YES;
				CLANG_WARN_UNGUARDED_AVAILABILITY = YES_AGGRESSIVE;
				CLANG_WARN_UNREACHABLE_CODE = YES;
				CLANG_WARN__DUPLICATE_METHOD_MATCH = YES;
				COPY_PHASE_STRIP = NO;
				DEBUG_INFORMATION_FORMAT = dwarf;
				ENABLE_STRICT_OBJC_MSGSEND = YES;
				ENABLE_TESTABILITY = YES;
				GCC_C_LANGUAGE_STANDARD = gnu11;
				GCC_DYNAMIC_NO_PIC = NO;
				GCC_NO_COMMON_BLOCKS = YES;
				GCC_OPTIMIZATION_LEVEL = 0;
				GCC_PREPROCESSOR_DEFINITIONS = (
					"DEBUG=1",
					"$(inherited)",
				);
				GCC_WARN_64_TO_32_BIT_CONVERSION = YES;
				GCC_WARN_ABOUT_RETURN_TYPE = YES_ERROR;
				GCC_WARN_UNDECLARED_SELECTOR = YES;
				GCC_WARN_UNINITIALIZED_AUTOS = YES_AGGRESSIVE;
				GCC_WARN_UNUSED_FUNCTION = YES;
				GCC_WARN_UNUSED_VARIABLE = YES;
				IPHONEOS_DEPLOYMENT_TARGET = 15.2;
				MTL_ENABLE_DEBUG_INFO = INCLUDE_SOURCE;
				MTL_FAST_MATH = YES;
				ONLY_ACTIVE_ARCH = YES;
				SDKROOT = iphoneos;
				SWIFT_ACTIVE_COMPILATION_CONDITIONS = DEBUG;
				SWIFT_OPTIMIZATION_LEVEL = "-Onone";
			};
			name = Debug;
		};
		1FF36D0A27A417C40032882D /* Release */ = {
			isa = XCBuildConfiguration;
			buildSettings = {
				ALWAYS_SEARCH_USER_PATHS = NO;
				CLANG_ANALYZER_NONNULL = YES;
				CLANG_ANALYZER_NUMBER_OBJECT_CONVERSION = YES_AGGRESSIVE;
				CLANG_CXX_LANGUAGE_STANDARD = "gnu++17";
				CLANG_CXX_LIBRARY = "libc++";
				CLANG_ENABLE_MODULES = YES;
				CLANG_ENABLE_OBJC_ARC = YES;
				CLANG_ENABLE_OBJC_WEAK = YES;
				CLANG_WARN_BLOCK_CAPTURE_AUTORELEASING = YES;
				CLANG_WARN_BOOL_CONVERSION = YES;
				CLANG_WARN_COMMA = YES;
				CLANG_WARN_CONSTANT_CONVERSION = YES;
				CLANG_WARN_DEPRECATED_OBJC_IMPLEMENTATIONS = YES;
				CLANG_WARN_DIRECT_OBJC_ISA_USAGE = YES_ERROR;
				CLANG_WARN_DOCUMENTATION_COMMENTS = YES;
				CLANG_WARN_EMPTY_BODY = YES;
				CLANG_WARN_ENUM_CONVERSION = YES;
				CLANG_WARN_INFINITE_RECURSION = YES;
				CLANG_WARN_INT_CONVERSION = YES;
				CLANG_WARN_NON_LITERAL_NULL_CONVERSION = YES;
				CLANG_WARN_OBJC_IMPLICIT_RETAIN_SELF = YES;
				CLANG_WARN_OBJC_LITERAL_CONVERSION = YES;
				CLANG_WARN_OBJC_ROOT_CLASS = YES_ERROR;
				CLANG_WARN_QUOTED_INCLUDE_IN_FRAMEWORK_HEADER = YES;
				CLANG_WARN_RANGE_LOOP_ANALYSIS = YES;
				CLANG_WARN_STRICT_PROTOTYPES = YES;
				CLANG_WARN_SUSPICIOUS_MOVE = YES;
				CLANG_WARN_UNGUARDED_AVAILABILITY = YES_AGGRESSIVE;
				CLANG_WARN_UNREACHABLE_CODE = YES;
				CLANG_WARN__DUPLICATE_METHOD_MATCH = YES;
				COPY_PHASE_STRIP = NO;
				DEBUG_INFORMATION_FORMAT = "dwarf-with-dsym";
				ENABLE_NS_ASSERTIONS = NO;
				ENABLE_STRICT_OBJC_MSGSEND = YES;
				GCC_C_LANGUAGE_STANDARD = gnu11;
				GCC_NO_COMMON_BLOCKS = YES;
				GCC_WARN_64_TO_32_BIT_CONVERSION = YES;
				GCC_WARN_ABOUT_RETURN_TYPE = YES_ERROR;
				GCC_WARN_UNDECLARED_SELECTOR = YES;
				GCC_WARN_UNINITIALIZED_AUTOS = YES_AGGRESSIVE;
				GCC_WARN_UNUSED_FUNCTION = YES;
				GCC_WARN_UNUSED_VARIABLE = YES;
				IPHONEOS_DEPLOYMENT_TARGET = 15.2;
				MTL_ENABLE_DEBUG_INFO = NO;
				MTL_FAST_MATH = YES;
				SDKROOT = iphoneos;
				SWIFT_COMPILATION_MODE = wholemodule;
				SWIFT_OPTIMIZATION_LEVEL = "-O";
				VALIDATE_PRODUCT = YES;
			};
			name = Release;
		};
		1FF36D0C27A417C40032882D /* Debug */ = {
			isa = XCBuildConfiguration;
			buildSettings = {
				ASSETCATALOG_COMPILER_APPICON_NAME = AppIcon;
				ASSETCATALOG_COMPILER_GLOBAL_ACCENT_COLOR_NAME = AccentColor;
				CODE_SIGN_STYLE = Automatic;
				CURRENT_PROJECT_VERSION = 1;
				GENERATE_INFOPLIST_FILE = YES;
				INFOPLIST_FILE = CookpadTask/Info.plist;
				INFOPLIST_KEY_UIApplicationSupportsIndirectInputEvents = YES;
				INFOPLIST_KEY_UILaunchStoryboardName = LaunchScreen;
				INFOPLIST_KEY_UIMainStoryboardFile = Main;
				INFOPLIST_KEY_UISupportedInterfaceOrientations_iPad = "UIInterfaceOrientationPortrait UIInterfaceOrientationPortraitUpsideDown UIInterfaceOrientationLandscapeLeft UIInterfaceOrientationLandscapeRight";
				INFOPLIST_KEY_UISupportedInterfaceOrientations_iPhone = "UIInterfaceOrientationPortrait UIInterfaceOrientationLandscapeLeft UIInterfaceOrientationLandscapeRight";
				LD_RUNPATH_SEARCH_PATHS = (
					"$(inherited)",
					"@executable_path/Frameworks",
				);
				MARKETING_VERSION = 1.0;
				PRODUCT_BUNDLE_IDENTIFIER = com.arthur.g.CookpadTask;
				PRODUCT_NAME = "$(TARGET_NAME)";
				SWIFT_EMIT_LOC_STRINGS = YES;
				SWIFT_VERSION = 5.0;
				TARGETED_DEVICE_FAMILY = "1,2";
			};
			name = Debug;
		};
		1FF36D0D27A417C40032882D /* Release */ = {
			isa = XCBuildConfiguration;
			buildSettings = {
				ASSETCATALOG_COMPILER_APPICON_NAME = AppIcon;
				ASSETCATALOG_COMPILER_GLOBAL_ACCENT_COLOR_NAME = AccentColor;
				CODE_SIGN_STYLE = Automatic;
				CURRENT_PROJECT_VERSION = 1;
				GENERATE_INFOPLIST_FILE = YES;
				INFOPLIST_FILE = CookpadTask/Info.plist;
				INFOPLIST_KEY_UIApplicationSupportsIndirectInputEvents = YES;
				INFOPLIST_KEY_UILaunchStoryboardName = LaunchScreen;
				INFOPLIST_KEY_UIMainStoryboardFile = Main;
				INFOPLIST_KEY_UISupportedInterfaceOrientations_iPad = "UIInterfaceOrientationPortrait UIInterfaceOrientationPortraitUpsideDown UIInterfaceOrientationLandscapeLeft UIInterfaceOrientationLandscapeRight";
				INFOPLIST_KEY_UISupportedInterfaceOrientations_iPhone = "UIInterfaceOrientationPortrait UIInterfaceOrientationLandscapeLeft UIInterfaceOrientationLandscapeRight";
				LD_RUNPATH_SEARCH_PATHS = (
					"$(inherited)",
					"@executable_path/Frameworks",
				);
				MARKETING_VERSION = 1.0;
				PRODUCT_BUNDLE_IDENTIFIER = com.arthur.g.CookpadTask;
				PRODUCT_NAME = "$(TARGET_NAME)";
				SWIFT_EMIT_LOC_STRINGS = YES;
				SWIFT_VERSION = 5.0;
				TARGETED_DEVICE_FAMILY = "1,2";
			};
			name = Release;
		};
		1FF36D0F27A417C40032882D /* Debug */ = {
			isa = XCBuildConfiguration;
			buildSettings = {
				ALWAYS_EMBED_SWIFT_STANDARD_LIBRARIES = YES;
				BUNDLE_LOADER = "$(TEST_HOST)";
				CODE_SIGN_STYLE = Automatic;
				CURRENT_PROJECT_VERSION = 1;
				GENERATE_INFOPLIST_FILE = YES;
				IPHONEOS_DEPLOYMENT_TARGET = 15.2;
				MARKETING_VERSION = 1.0;
				PRODUCT_BUNDLE_IDENTIFIER = com.arthur.g.CookpadTaskTests;
				PRODUCT_NAME = "$(TARGET_NAME)";
				SWIFT_EMIT_LOC_STRINGS = NO;
				SWIFT_VERSION = 5.0;
				TARGETED_DEVICE_FAMILY = "1,2";
				TEST_HOST = "$(BUILT_PRODUCTS_DIR)/CookpadTask.app/CookpadTask";
			};
			name = Debug;
		};
		1FF36D1027A417C40032882D /* Release */ = {
			isa = XCBuildConfiguration;
			buildSettings = {
				ALWAYS_EMBED_SWIFT_STANDARD_LIBRARIES = YES;
				BUNDLE_LOADER = "$(TEST_HOST)";
				CODE_SIGN_STYLE = Automatic;
				CURRENT_PROJECT_VERSION = 1;
				GENERATE_INFOPLIST_FILE = YES;
				IPHONEOS_DEPLOYMENT_TARGET = 15.2;
				MARKETING_VERSION = 1.0;
				PRODUCT_BUNDLE_IDENTIFIER = com.arthur.g.CookpadTaskTests;
				PRODUCT_NAME = "$(TARGET_NAME)";
				SWIFT_EMIT_LOC_STRINGS = NO;
				SWIFT_VERSION = 5.0;
				TARGETED_DEVICE_FAMILY = "1,2";
				TEST_HOST = "$(BUILT_PRODUCTS_DIR)/CookpadTask.app/CookpadTask";
			};
			name = Release;
		};
		1FF36D1227A417C40032882D /* Debug */ = {
			isa = XCBuildConfiguration;
			buildSettings = {
				ALWAYS_EMBED_SWIFT_STANDARD_LIBRARIES = YES;
				CODE_SIGN_STYLE = Automatic;
				CURRENT_PROJECT_VERSION = 1;
				GENERATE_INFOPLIST_FILE = YES;
				MARKETING_VERSION = 1.0;
				PRODUCT_BUNDLE_IDENTIFIER = com.arthur.g.CookpadTaskUITests;
				PRODUCT_NAME = "$(TARGET_NAME)";
				SWIFT_EMIT_LOC_STRINGS = NO;
				SWIFT_VERSION = 5.0;
				TARGETED_DEVICE_FAMILY = "1,2";
				TEST_TARGET_NAME = CookpadTask;
			};
			name = Debug;
		};
		1FF36D1327A417C40032882D /* Release */ = {
			isa = XCBuildConfiguration;
			buildSettings = {
				ALWAYS_EMBED_SWIFT_STANDARD_LIBRARIES = YES;
				CODE_SIGN_STYLE = Automatic;
				CURRENT_PROJECT_VERSION = 1;
				GENERATE_INFOPLIST_FILE = YES;
				MARKETING_VERSION = 1.0;
				PRODUCT_BUNDLE_IDENTIFIER = com.arthur.g.CookpadTaskUITests;
				PRODUCT_NAME = "$(TARGET_NAME)";
				SWIFT_EMIT_LOC_STRINGS = NO;
				SWIFT_VERSION = 5.0;
				TARGETED_DEVICE_FAMILY = "1,2";
				TEST_TARGET_NAME = CookpadTask;
			};
			name = Release;
		};
/* End XCBuildConfiguration section */

/* Begin XCConfigurationList section */
		1FF36CD927A417C20032882D /* Build configuration list for PBXProject "CookpadTask" */ = {
			isa = XCConfigurationList;
			buildConfigurations = (
				1FF36D0927A417C40032882D /* Debug */,
				1FF36D0A27A417C40032882D /* Release */,
			);
			defaultConfigurationIsVisible = 0;
			defaultConfigurationName = Release;
		};
		1FF36D0B27A417C40032882D /* Build configuration list for PBXNativeTarget "CookpadTask" */ = {
			isa = XCConfigurationList;
			buildConfigurations = (
				1FF36D0C27A417C40032882D /* Debug */,
				1FF36D0D27A417C40032882D /* Release */,
			);
			defaultConfigurationIsVisible = 0;
			defaultConfigurationName = Release;
		};
		1FF36D0E27A417C40032882D /* Build configuration list for PBXNativeTarget "CookpadTaskTests" */ = {
			isa = XCConfigurationList;
			buildConfigurations = (
				1FF36D0F27A417C40032882D /* Debug */,
				1FF36D1027A417C40032882D /* Release */,
			);
			defaultConfigurationIsVisible = 0;
			defaultConfigurationName = Release;
		};
		1FF36D1127A417C40032882D /* Build configuration list for PBXNativeTarget "CookpadTaskUITests" */ = {
			isa = XCConfigurationList;
			buildConfigurations = (
				1FF36D1227A417C40032882D /* Debug */,
				1FF36D1327A417C40032882D /* Release */,
			);
			defaultConfigurationIsVisible = 0;
			defaultConfigurationName = Release;
		};
/* End XCConfigurationList section */

/* Begin XCVersionGroup section */
		1FF36CEA27A417C20032882D /* CookpadTask.xcdatamodeld */ = {
			isa = XCVersionGroup;
			children = (
				1FF36CEB27A417C20032882D /* CookpadTask.xcdatamodel */,
			);
			currentVersion = 1FF36CEB27A417C20032882D /* CookpadTask.xcdatamodel */;
			path = CookpadTask.xcdatamodeld;
			sourceTree = "<group>";
			versionGroupType = wrapper.xcdatamodel;
		};
/* End XCVersionGroup section */
	};
	rootObject = 1FF36CD627A417C20032882D /* Project object */;
}
